
Microsoft Visual Studio Solution File, Format Version 12.00
# Visual Studio Version 17
VisualStudioVersion = 17.2.32616.157
MinimumVisualStudioVersion = 10.0.40219.1
Project("{FAE04EC0-301F-11D3-BF4B-00C04F79EFBC}") = "TestHumanEmulator", "TestHumanEmulator\TestHumanEmulator.csproj", "{4109E304-BDBD-443D-9C50-F072B2CB82A6}"
EndProject
Global
	GlobalSection(SolutionConfigurationPlatforms) = preSolution
		Debug|Any CPU = Debug|Any CPU
		Release|Any CPU = Release|Any CPU
	EndGlobalSection
	GlobalSection(ProjectConfigurationPlatforms) = postSolution
		{4109E304-BDBD-443D-9C50-F072B2CB82A6}.Debug|Any CPU.ActiveCfg = Debug|Any CPU
		{4109E304-BDBD-443D-9C50-F072B2CB82A6}.Debug|Any CPU.Build.0 = Debug|Any CPU
		{4109E304-BDBD-443D-9C50-F072B2CB82A6}.Release|Any CPU.ActiveCfg = Release|Any CPU
		{4109E304-BDBD-443D-9C50-F072B2CB82A6}.Release|Any CPU.Build.0 = Release|Any CPU
	EndGlobalSection
	GlobalSection(SolutionProperties) = preSolution
		HideSolutionNode = FALSE
	EndGlobalSection
	GlobalSection(ExtensibilityGlobals) = postSolution
		SolutionGuid = {3B2F69E9-D2E7-4856-BECC-E521F6D3AC92}
	EndGlobalSection
EndGlobal
